// !$*UTF8*$!
{
	archiveVersion = 1;
	classes = {
	};
	objectVersion = 77;
	objects = {

/* Begin PBXBuildFile section */
		C40635E62CF01F2D00DB1BC9 /* CachedAsyncImage in Frameworks */ = {isa = PBXBuildFile; productRef = C40635E52CF01F2D00DB1BC9 /* CachedAsyncImage */; };
/* End PBXBuildFile section */

/* Begin PBXContainerItemProxy section */
		C4199EC72CEBFBC300924CA4 /* PBXContainerItemProxy */ = {
			isa = PBXContainerItemProxy;
			containerPortal = C4199EAE2CEBFBC000924CA4 /* Project object */;
			proxyType = 1;
			remoteGlobalIDString = C4199EB52CEBFBC000924CA4;
			remoteInfo = "LiveFront Code Challenge";
		};
		C4199ED12CEBFBC300924CA4 /* PBXContainerItemProxy */ = {
			isa = PBXContainerItemProxy;
			containerPortal = C4199EAE2CEBFBC000924CA4 /* Project object */;
			proxyType = 1;
			remoteGlobalIDString = C4199EB52CEBFBC000924CA4;
			remoteInfo = "LiveFront Code Challenge";
		};
/* End PBXContainerItemProxy section */

/* Begin PBXFileReference section */
		C4199EB62CEBFBC000924CA4 /* TopSellingBooks.app */ = {isa = PBXFileReference; explicitFileType = wrapper.application; includeInIndex = 0; path = TopSellingBooks.app; sourceTree = BUILT_PRODUCTS_DIR; };
		C4199EC62CEBFBC300924CA4 /* LiveFront Code ChallengeTests.xctest */ = {isa = PBXFileReference; explicitFileType = wrapper.cfbundle; includeInIndex = 0; path = "LiveFront Code ChallengeTests.xctest"; sourceTree = BUILT_PRODUCTS_DIR; };
		C4199ED02CEBFBC300924CA4 /* LiveFront Code ChallengeUITests.xctest */ = {isa = PBXFileReference; explicitFileType = wrapper.cfbundle; includeInIndex = 0; path = "LiveFront Code ChallengeUITests.xctest"; sourceTree = BUILT_PRODUCTS_DIR; };
/* End PBXFileReference section */

/* Begin PBXFileSystemSynchronizedRootGroup section */
		C4199EB82CEBFBC000924CA4 /* LiveFront Code Challenge */ = {
			isa = PBXFileSystemSynchronizedRootGroup;
			path = "LiveFront Code Challenge";
			sourceTree = "<group>";
		};
		C4199EC92CEBFBC300924CA4 /* LiveFront Code ChallengeTests */ = {
			isa = PBXFileSystemSynchronizedRootGroup;
			path = "LiveFront Code ChallengeTests";
			sourceTree = "<group>";
		};
		C4199ED32CEBFBC300924CA4 /* LiveFront Code ChallengeUITests */ = {
			isa = PBXFileSystemSynchronizedRootGroup;
			path = "LiveFront Code ChallengeUITests";
			sourceTree = "<group>";
		};
/* End PBXFileSystemSynchronizedRootGroup section */

/* Begin PBXFrameworksBuildPhase section */
		C4199EB32CEBFBC000924CA4 /* Frameworks */ = {
			isa = PBXFrameworksBuildPhase;
			buildActionMask = 2147483647;
			files = (
				C40635E62CF01F2D00DB1BC9 /* CachedAsyncImage in Frameworks */,
			);
			runOnlyForDeploymentPostprocessing = 0;
		};
		C4199EC32CEBFBC300924CA4 /* Frameworks */ = {
			isa = PBXFrameworksBuildPhase;
			buildActionMask = 2147483647;
			files = (
			);
			runOnlyForDeploymentPostprocessing = 0;
		};
		C4199ECD2CEBFBC300924CA4 /* Frameworks */ = {
			isa = PBXFrameworksBuildPhase;
			buildActionMask = 2147483647;
			files = (
			);
			runOnlyForDeploymentPostprocessing = 0;
		};
/* End PBXFrameworksBuildPhase section */

/* Begin PBXGroup section */
		C4199EAD2CEBFBC000924CA4 = {
			isa = PBXGroup;
			children = (
				C4199EB82CEBFBC000924CA4 /* LiveFront Code Challenge */,
				C4199EC92CEBFBC300924CA4 /* LiveFront Code ChallengeTests */,
				C4199ED32CEBFBC300924CA4 /* LiveFront Code ChallengeUITests */,
				C4199EB72CEBFBC000924CA4 /* Products */,
			);
			sourceTree = "<group>";
		};
		C4199EB72CEBFBC000924CA4 /* Products */ = {
			isa = PBXGroup;
			children = (
				C4199EB62CEBFBC000924CA4 /* TopSellingBooks.app */,
				C4199EC62CEBFBC300924CA4 /* LiveFront Code ChallengeTests.xctest */,
				C4199ED02CEBFBC300924CA4 /* LiveFront Code ChallengeUITests.xctest */,
			);
			name = Products;
			sourceTree = "<group>";
		};
/* End PBXGroup section */

/* Begin PBXNativeTarget section */
		C4199EB52CEBFBC000924CA4 /* LiveFront Code Challenge */ = {
			isa = PBXNativeTarget;
			buildConfigurationList = C4199EDA2CEBFBC300924CA4 /* Build configuration list for PBXNativeTarget "LiveFront Code Challenge" */;
			buildPhases = (
				C4199EB22CEBFBC000924CA4 /* Sources */,
				C4199EB32CEBFBC000924CA4 /* Frameworks */,
				C4199EB42CEBFBC000924CA4 /* Resources */,
			);
			buildRules = (
			);
			dependencies = (
			);
			fileSystemSynchronizedGroups = (
				C4199EB82CEBFBC000924CA4 /* LiveFront Code Challenge */,
			);
			name = "LiveFront Code Challenge";
			packageProductDependencies = (
				C40635E52CF01F2D00DB1BC9 /* CachedAsyncImage */,
			);
			productName = "LiveFront Code Challenge";
			productReference = C4199EB62CEBFBC000924CA4 /* TopSellingBooks.app */;
			productType = "com.apple.product-type.application";
		};
		C4199EC52CEBFBC300924CA4 /* LiveFront Code ChallengeTests */ = {
			isa = PBXNativeTarget;
			buildConfigurationList = C4199EDD2CEBFBC300924CA4 /* Build configuration list for PBXNativeTarget "LiveFront Code ChallengeTests" */;
			buildPhases = (
				C4199EC22CEBFBC300924CA4 /* Sources */,
				C4199EC32CEBFBC300924CA4 /* Frameworks */,
				C4199EC42CEBFBC300924CA4 /* Resources */,
			);
			buildRules = (
			);
			dependencies = (
				C4199EC82CEBFBC300924CA4 /* PBXTargetDependency */,
			);
			fileSystemSynchronizedGroups = (
				C4199EC92CEBFBC300924CA4 /* LiveFront Code ChallengeTests */,
			);
			name = "LiveFront Code ChallengeTests";
			packageProductDependencies = (
			);
			productName = "LiveFront Code ChallengeTests";
			productReference = C4199EC62CEBFBC300924CA4 /* LiveFront Code ChallengeTests.xctest */;
			productType = "com.apple.product-type.bundle.unit-test";
		};
		C4199ECF2CEBFBC300924CA4 /* LiveFront Code ChallengeUITests */ = {
			isa = PBXNativeTarget;
			buildConfigurationList = C4199EE02CEBFBC300924CA4 /* Build configuration list for PBXNativeTarget "LiveFront Code ChallengeUITests" */;
			buildPhases = (
				C4199ECC2CEBFBC300924CA4 /* Sources */,
				C4199ECD2CEBFBC300924CA4 /* Frameworks */,
				C4199ECE2CEBFBC300924CA4 /* Resources */,
			);
			buildRules = (
			);
			dependencies = (
				C4199ED22CEBFBC300924CA4 /* PBXTargetDependency */,
			);
			fileSystemSynchronizedGroups = (
				C4199ED32CEBFBC300924CA4 /* LiveFront Code ChallengeUITests */,
			);
			name = "LiveFront Code ChallengeUITests";
			packageProductDependencies = (
			);
			productName = "LiveFront Code ChallengeUITests";
			productReference = C4199ED02CEBFBC300924CA4 /* LiveFront Code ChallengeUITests.xctest */;
			productType = "com.apple.product-type.bundle.ui-testing";
		};
/* End PBXNativeTarget section */

/* Begin PBXProject section */
		C4199EAE2CEBFBC000924CA4 /* Project object */ = {
			isa = PBXProject;
			attributes = {
				BuildIndependentTargetsInParallel = 1;
				LastSwiftUpdateCheck = 1610;
				LastUpgradeCheck = 1610;
				TargetAttributes = {
					C4199EB52CEBFBC000924CA4 = {
						CreatedOnToolsVersion = 16.1;
					};
					C4199EC52CEBFBC300924CA4 = {
						CreatedOnToolsVersion = 16.1;
						TestTargetID = C4199EB52CEBFBC000924CA4;
					};
					C4199ECF2CEBFBC300924CA4 = {
						CreatedOnToolsVersion = 16.1;
						TestTargetID = C4199EB52CEBFBC000924CA4;
					};
				};
			};
			buildConfigurationList = C4199EB12CEBFBC000924CA4 /* Build configuration list for PBXProject "LiveFront Code Challenge" */;
			developmentRegion = en;
			hasScannedForEncodings = 0;
			knownRegions = (
				en,
				Base,
			);
			mainGroup = C4199EAD2CEBFBC000924CA4;
			minimizedProjectReferenceProxies = 1;
			packageReferences = (
				C40635E42CF01F2D00DB1BC9 /* XCRemoteSwiftPackageReference "swiftui-cached-async-image" */,
			);
			preferredProjectObjectVersion = 77;
			productRefGroup = C4199EB72CEBFBC000924CA4 /* Products */;
			projectDirPath = "";
			projectRoot = "";
			targets = (
				C4199EB52CEBFBC000924CA4 /* LiveFront Code Challenge */,
				C4199EC52CEBFBC300924CA4 /* LiveFront Code ChallengeTests */,
				C4199ECF2CEBFBC300924CA4 /* LiveFront Code ChallengeUITests */,
			);
		};
/* End PBXProject section */

/* Begin PBXResourcesBuildPhase section */
		C4199EB42CEBFBC000924CA4 /* Resources */ = {
			isa = PBXResourcesBuildPhase;
			buildActionMask = 2147483647;
			files = (
			);
			runOnlyForDeploymentPostprocessing = 0;
		};
		C4199EC42CEBFBC300924CA4 /* Resources */ = {
			isa = PBXResourcesBuildPhase;
			buildActionMask = 2147483647;
			files = (
			);
			runOnlyForDeploymentPostprocessing = 0;
		};
		C4199ECE2CEBFBC300924CA4 /* Resources */ = {
			isa = PBXResourcesBuildPhase;
			buildActionMask = 2147483647;
			files = (
			);
			runOnlyForDeploymentPostprocessing = 0;
		};
/* End PBXResourcesBuildPhase section */

/* Begin PBXSourcesBuildPhase section */
		C4199EB22CEBFBC000924CA4 /* Sources */ = {
			isa = PBXSourcesBuildPhase;
			buildActionMask = 2147483647;
			files = (
			);
			runOnlyForDeploymentPostprocessing = 0;
		};
		C4199EC22CEBFBC300924CA4 /* Sources */ = {
			isa = PBXSourcesBuildPhase;
			buildActionMask = 2147483647;
			files = (
			);
			runOnlyForDeploymentPostprocessing = 0;
		};
		C4199ECC2CEBFBC300924CA4 /* Sources */ = {
			isa = PBXSourcesBuildPhase;
			buildActionMask = 2147483647;
			files = (
			);
			runOnlyForDeploymentPostprocessing = 0;
		};
/* End PBXSourcesBuildPhase section */

/* Begin PBXTargetDependency section */
		C4199EC82CEBFBC300924CA4 /* PBXTargetDependency */ = {
			isa = PBXTargetDependency;
			target = C4199EB52CEBFBC000924CA4 /* LiveFront Code Challenge */;
			targetProxy = C4199EC72CEBFBC300924CA4 /* PBXContainerItemProxy */;
		};
		C4199ED22CEBFBC300924CA4 /* PBXTargetDependency */ = {
			isa = PBXTargetDependency;
			target = C4199EB52CEBFBC000924CA4 /* LiveFront Code Challenge */;
			targetProxy = C4199ED12CEBFBC300924CA4 /* PBXContainerItemProxy */;
		};
/* End PBXTargetDependency section */

/* Begin XCBuildConfiguration section */
		C4199ED82CEBFBC300924CA4 /* Debug */ = {
			isa = XCBuildConfiguration;
			baseConfigurationReferenceAnchor = C4199EB82CEBFBC000924CA4 /* LiveFront Code Challenge */;
			baseConfigurationReferenceRelativePath = Config/Config.xcconfig;
			buildSettings = {
				ALWAYS_SEARCH_USER_PATHS = NO;
				ASSETCATALOG_COMPILER_GENERATE_SWIFT_ASSET_SYMBOL_EXTENSIONS = YES;
				CLANG_ANALYZER_NONNULL = YES;
				CLANG_ANALYZER_NUMBER_OBJECT_CONVERSION = YES_AGGRESSIVE;
				CLANG_CXX_LANGUAGE_STANDARD = "gnu++20";
				CLANG_ENABLE_MODULES = YES;
				CLANG_ENABLE_OBJC_ARC = YES;
				CLANG_ENABLE_OBJC_WEAK = YES;
				CLANG_WARN_BLOCK_CAPTURE_AUTORELEASING = YES;
				CLANG_WARN_BOOL_CONVERSION = YES;
				CLANG_WARN_COMMA = YES;
				CLANG_WARN_CONSTANT_CONVERSION = YES;
				CLANG_WARN_DEPRECATED_OBJC_IMPLEMENTATIONS = YES;
				CLANG_WARN_DIRECT_OBJC_ISA_USAGE = YES_ERROR;
				CLANG_WARN_DOCUMENTATION_COMMENTS = YES;
				CLANG_WARN_EMPTY_BODY = YES;
				CLANG_WARN_ENUM_CONVERSION = YES;
				CLANG_WARN_INFINITE_RECURSION = YES;
				CLANG_WARN_INT_CONVERSION = YES;
				CLANG_WARN_NON_LITERAL_NULL_CONVERSION = YES;
				CLANG_WARN_OBJC_IMPLICIT_RETAIN_SELF = YES;
				CLANG_WARN_OBJC_LITERAL_CONVERSION = YES;
				CLANG_WARN_OBJC_ROOT_CLASS = YES_ERROR;
				CLANG_WARN_QUOTED_INCLUDE_IN_FRAMEWORK_HEADER = YES;
				CLANG_WARN_RANGE_LOOP_ANALYSIS = YES;
				CLANG_WARN_STRICT_PROTOTYPES = YES;
				CLANG_WARN_SUSPICIOUS_MOVE = YES;
				CLANG_WARN_UNGUARDED_AVAILABILITY = YES_AGGRESSIVE;
				CLANG_WARN_UNREACHABLE_CODE = YES;
				CLANG_WARN__DUPLICATE_METHOD_MATCH = YES;
				COPY_PHASE_STRIP = NO;
				DEBUG_INFORMATION_FORMAT = dwarf;
				ENABLE_STRICT_OBJC_MSGSEND = YES;
				ENABLE_TESTABILITY = YES;
				ENABLE_USER_SCRIPT_SANDBOXING = YES;
				GCC_C_LANGUAGE_STANDARD = gnu17;
				GCC_DYNAMIC_NO_PIC = NO;
				GCC_NO_COMMON_BLOCKS = YES;
				GCC_OPTIMIZATION_LEVEL = 0;
				GCC_PREPROCESSOR_DEFINITIONS = (
					"DEBUG=1",
					"$(inherited)",
				);
				GCC_WARN_64_TO_32_BIT_CONVERSION = YES;
				GCC_WARN_ABOUT_RETURN_TYPE = YES_ERROR;
				GCC_WARN_UNDECLARED_SELECTOR = YES;
				GCC_WARN_UNINITIALIZED_AUTOS = YES_AGGRESSIVE;
				GCC_WARN_UNUSED_FUNCTION = YES;
				GCC_WARN_UNUSED_VARIABLE = YES;
				IPHONEOS_DEPLOYMENT_TARGET = 18.1;
				LOCALIZATION_PREFERS_STRING_CATALOGS = YES;
				MTL_ENABLE_DEBUG_INFO = INCLUDE_SOURCE;
				MTL_FAST_MATH = YES;
				ONLY_ACTIVE_ARCH = YES;
				SDKROOT = iphoneos;
				SWIFT_ACTIVE_COMPILATION_CONDITIONS = "DEBUG $(inherited)";
				SWIFT_OPTIMIZATION_LEVEL = "-Onone";
			};
			name = Debug;
		};
		C4199ED92CEBFBC300924CA4 /* Release */ = {
			isa = XCBuildConfiguration;
			baseConfigurationReferenceAnchor = C4199EB82CEBFBC000924CA4 /* LiveFront Code Challenge */;
			baseConfigurationReferenceRelativePath = Config/Config.xcconfig;
			buildSettings = {
				ALWAYS_SEARCH_USER_PATHS = NO;
				ASSETCATALOG_COMPILER_GENERATE_SWIFT_ASSET_SYMBOL_EXTENSIONS = YES;
				CLANG_ANALYZER_NONNULL = YES;
				CLANG_ANALYZER_NUMBER_OBJECT_CONVERSION = YES_AGGRESSIVE;
				CLANG_CXX_LANGUAGE_STANDARD = "gnu++20";
				CLANG_ENABLE_MODULES = YES;
				CLANG_ENABLE_OBJC_ARC = YES;
				CLANG_ENABLE_OBJC_WEAK = YES;
				CLANG_WARN_BLOCK_CAPTURE_AUTORELEASING = YES;
				CLANG_WARN_BOOL_CONVERSION = YES;
				CLANG_WARN_COMMA = YES;
				CLANG_WARN_CONSTANT_CONVERSION = YES;
				CLANG_WARN_DEPRECATED_OBJC_IMPLEMENTATIONS = YES;
				CLANG_WARN_DIRECT_OBJC_ISA_USAGE = YES_ERROR;
				CLANG_WARN_DOCUMENTATION_COMMENTS = YES;
				CLANG_WARN_EMPTY_BODY = YES;
				CLANG_WARN_ENUM_CONVERSION = YES;
				CLANG_WARN_INFINITE_RECURSION = YES;
				CLANG_WARN_INT_CONVERSION = YES;
				CLANG_WARN_NON_LITERAL_NULL_CONVERSION = YES;
				CLANG_WARN_OBJC_IMPLICIT_RETAIN_SELF = YES;
				CLANG_WARN_OBJC_LITERAL_CONVERSION = YES;
				CLANG_WARN_OBJC_ROOT_CLASS = YES_ERROR;
				CLANG_WARN_QUOTED_INCLUDE_IN_FRAMEWORK_HEADER = YES;
				CLANG_WARN_RANGE_LOOP_ANALYSIS = YES;
				CLANG_WARN_STRICT_PROTOTYPES = YES;
				CLANG_WARN_SUSPICIOUS_MOVE = YES;
				CLANG_WARN_UNGUARDED_AVAILABILITY = YES_AGGRESSIVE;
				CLANG_WARN_UNREACHABLE_CODE = YES;
				CLANG_WARN__DUPLICATE_METHOD_MATCH = YES;
				COPY_PHASE_STRIP = NO;
				DEBUG_INFORMATION_FORMAT = "dwarf-with-dsym";
				ENABLE_NS_ASSERTIONS = NO;
				ENABLE_STRICT_OBJC_MSGSEND = YES;
				ENABLE_USER_SCRIPT_SANDBOXING = YES;
				GCC_C_LANGUAGE_STANDARD = gnu17;
				GCC_NO_COMMON_BLOCKS = YES;
				GCC_WARN_64_TO_32_BIT_CONVERSION = YES;
				GCC_WARN_ABOUT_RETURN_TYPE = YES_ERROR;
				GCC_WARN_UNDECLARED_SELECTOR = YES;
				GCC_WARN_UNINITIALIZED_AUTOS = YES_AGGRESSIVE;
				GCC_WARN_UNUSED_FUNCTION = YES;
				GCC_WARN_UNUSED_VARIABLE = YES;
				IPHONEOS_DEPLOYMENT_TARGET = 18.1;
				LOCALIZATION_PREFERS_STRING_CATALOGS = YES;
				MTL_ENABLE_DEBUG_INFO = NO;
				MTL_FAST_MATH = YES;
				SDKROOT = iphoneos;
				SWIFT_COMPILATION_MODE = wholemodule;
				VALIDATE_PRODUCT = YES;
			};
			name = Release;
		};
		C4199EDB2CEBFBC300924CA4 /* Debug */ = {
			isa = XCBuildConfiguration;
			baseConfigurationReferenceAnchor = C4199EB82CEBFBC000924CA4 /* LiveFront Code Challenge */;
			baseConfigurationReferenceRelativePath = Config/Config.xcconfig;
			buildSettings = {
				ASSETCATALOG_COMPILER_APPICON_NAME = AppIcon;
				ASSETCATALOG_COMPILER_GLOBAL_ACCENT_COLOR_NAME = AccentColor;
				CODE_SIGN_STYLE = Automatic;
				CURRENT_PROJECT_VERSION = 1;
				DEVELOPMENT_ASSET_PATHS = "\"LiveFront Code Challenge/Preview Content\"";
				ENABLE_PREVIEWS = YES;
				GENERATE_INFOPLIST_FILE = YES;
				INFOPLIST_FILE = "LiveFront-Code-Challenge-Info.plist";
				INFOPLIST_KEY_UIApplicationSceneManifest_Generation = YES;
				INFOPLIST_KEY_UIApplicationSupportsIndirectInputEvents = YES;
				INFOPLIST_KEY_UILaunchScreen_Generation = YES;
				INFOPLIST_KEY_UISupportedInterfaceOrientations = UIInterfaceOrientationPortrait;
				INFOPLIST_KEY_UISupportedInterfaceOrientations_iPad = "UIInterfaceOrientationLandscapeLeft UIInterfaceOrientationLandscapeRight UIInterfaceOrientationPortrait UIInterfaceOrientationPortraitUpsideDown";
				LD_RUNPATH_SEARCH_PATHS = (
					"$(inherited)",
					"@executable_path/Frameworks",
				);
				MARKETING_VERSION = 1.0;
				PRODUCT_BUNDLE_IDENTIFIER = "com.jerrybaez.LiveFront-Code-Challenge";
				PRODUCT_NAME = "$(inherited)";
				SWIFT_EMIT_LOC_STRINGS = YES;
				SWIFT_VERSION = 5.0;
				TARGETED_DEVICE_FAMILY = "1,2";
			};
			name = Debug;
		};
		C4199EDC2CEBFBC300924CA4 /* Release */ = {
			isa = XCBuildConfiguration;
			baseConfigurationReferenceAnchor = C4199EB82CEBFBC000924CA4 /* LiveFront Code Challenge */;
			baseConfigurationReferenceRelativePath = Config/Config.xcconfig;
			buildSettings = {
				ASSETCATALOG_COMPILER_APPICON_NAME = AppIcon;
				ASSETCATALOG_COMPILER_GLOBAL_ACCENT_COLOR_NAME = AccentColor;
				CODE_SIGN_STYLE = Automatic;
				CURRENT_PROJECT_VERSION = 1;
				DEVELOPMENT_ASSET_PATHS = "\"LiveFront Code Challenge/Preview Content\"";
				ENABLE_PREVIEWS = YES;
				GENERATE_INFOPLIST_FILE = YES;
				INFOPLIST_FILE = "LiveFront-Code-Challenge-Info.plist";
				INFOPLIST_KEY_UIApplicationSceneManifest_Generation = YES;
				INFOPLIST_KEY_UIApplicationSupportsIndirectInputEvents = YES;
				INFOPLIST_KEY_UILaunchScreen_Generation = YES;
				INFOPLIST_KEY_UISupportedInterfaceOrientations = UIInterfaceOrientationPortrait;
				INFOPLIST_KEY_UISupportedInterfaceOrientations_iPad = "UIInterfaceOrientationLandscapeLeft UIInterfaceOrientationLandscapeRight UIInterfaceOrientationPortrait UIInterfaceOrientationPortraitUpsideDown";
				LD_RUNPATH_SEARCH_PATHS = (
					"$(inherited)",
					"@executable_path/Frameworks",
				);
				MARKETING_VERSION = 1.0;
				PRODUCT_BUNDLE_IDENTIFIER = "com.jerrybaez.LiveFront-Code-Challenge";
				PRODUCT_NAME = "$(inherited)";
				SWIFT_EMIT_LOC_STRINGS = YES;
				SWIFT_VERSION = 5.0;
				TARGETED_DEVICE_FAMILY = "1,2";
			};
			name = Release;
		};
		C4199EDE2CEBFBC300924CA4 /* Debug */ = {
			isa = XCBuildConfiguration;
			buildSettings = {
				BUNDLE_LOADER = "$(TEST_HOST)";
				CODE_SIGN_STYLE = Automatic;
				CURRENT_PROJECT_VERSION = 1;
				GENERATE_INFOPLIST_FILE = YES;
				IPHONEOS_DEPLOYMENT_TARGET = 18.1;
				MARKETING_VERSION = 1.0;
				PRODUCT_BUNDLE_IDENTIFIER = "com.outsidesource.LiveFront-Code-ChallengeTests";
				PRODUCT_NAME = "$(TARGET_NAME)";
				SWIFT_EMIT_LOC_STRINGS = NO;
				SWIFT_VERSION = 5.0;
				TARGETED_DEVICE_FAMILY = "1,2";
				TEST_HOST = "$(BUILT_PRODUCTS_DIR)/LiveFront Code Challenge.app/$(BUNDLE_EXECUTABLE_FOLDER_PATH)/LiveFront Code Challenge";
			};
			name = Debug;
		};
		C4199EDF2CEBFBC300924CA4 /* Release */ = {
			isa = XCBuildConfiguration;
			buildSettings = {
				BUNDLE_LOADER = "$(TEST_HOST)";
				CODE_SIGN_STYLE = Automatic;
				CURRENT_PROJECT_VERSION = 1;
				GENERATE_INFOPLIST_FILE = YES;
				IPHONEOS_DEPLOYMENT_TARGET = 18.1;
				MARKETING_VERSION = 1.0;
				PRODUCT_BUNDLE_IDENTIFIER = "com.outsidesource.LiveFront-Code-ChallengeTests";
				PRODUCT_NAME = "$(TARGET_NAME)";
				SWIFT_EMIT_LOC_STRINGS = NO;
				SWIFT_VERSION = 5.0;
				TARGETED_DEVICE_FAMILY = "1,2";
				TEST_HOST = "$(BUILT_PRODUCTS_DIR)/LiveFront Code Challenge.app/$(BUNDLE_EXECUTABLE_FOLDER_PATH)/LiveFront Code Challenge";
			};
			name = Release;
		};
		C4199EE12CEBFBC300924CA4 /* Debug */ = {
			isa = XCBuildConfiguration;
			buildSettings = {
				CODE_SIGN_STYLE = Automatic;
				CURRENT_PROJECT_VERSION = 1;
				GENERATE_INFOPLIST_FILE = YES;
				MARKETING_VERSION = 1.0;
				PRODUCT_BUNDLE_IDENTIFIER = "com.outsidesource.LiveFront-Code-ChallengeUITests";
				PRODUCT_NAME = "$(TARGET_NAME)";
				SWIFT_EMIT_LOC_STRINGS = NO;
				SWIFT_VERSION = 5.0;
				TARGETED_DEVICE_FAMILY = "1,2";
				TEST_TARGET_NAME = "LiveFront Code Challenge";
			};
			name = Debug;
		};
		C4199EE22CEBFBC300924CA4 /* Release */ = {
			isa = XCBuildConfiguration;
			buildSettings = {
				CODE_SIGN_STYLE = Automatic;
				CURRENT_PROJECT_VERSION = 1;
				GENERATE_INFOPLIST_FILE = YES;
				MARKETING_VERSION = 1.0;
				PRODUCT_BUNDLE_IDENTIFIER = "com.outsidesource.LiveFront-Code-ChallengeUITests";
				PRODUCT_NAME = "$(TARGET_NAME)";
				SWIFT_EMIT_LOC_STRINGS = NO;
				SWIFT_VERSION = 5.0;
				TARGETED_DEVICE_FAMILY = "1,2";
				TEST_TARGET_NAME = "LiveFront Code Challenge";
			};
			name = Release;
		};
/* End XCBuildConfiguration section */

/* Begin XCConfigurationList section */
		C4199EB12CEBFBC000924CA4 /* Build configuration list for PBXProject "LiveFront Code Challenge" */ = {
			isa = XCConfigurationList;
			buildConfigurations = (
				C4199ED82CEBFBC300924CA4 /* Debug */,
				C4199ED92CEBFBC300924CA4 /* Release */,
			);
			defaultConfigurationIsVisible = 0;
			defaultConfigurationName = Release;
		};
		C4199EDA2CEBFBC300924CA4 /* Build configuration list for PBXNativeTarget "LiveFront Code Challenge" */ = {
			isa = XCConfigurationList;
			buildConfigurations = (
				C4199EDB2CEBFBC300924CA4 /* Debug */,
				C4199EDC2CEBFBC300924CA4 /* Release */,
			);
			defaultConfigurationIsVisible = 0;
			defaultConfigurationName = Release;
		};
		C4199EDD2CEBFBC300924CA4 /* Build configuration list for PBXNativeTarget "LiveFront Code ChallengeTests" */ = {
			isa = XCConfigurationList;
			buildConfigurations = (
				C4199EDE2CEBFBC300924CA4 /* Debug */,
				C4199EDF2CEBFBC300924CA4 /* Release */,
			);
			defaultConfigurationIsVisible = 0;
			defaultConfigurationName = Release;
		};
		C4199EE02CEBFBC300924CA4 /* Build configuration list for PBXNativeTarget "LiveFront Code ChallengeUITests" */ = {
			isa = XCConfigurationList;
			buildConfigurations = (
				C4199EE12CEBFBC300924CA4 /* Debug */,
				C4199EE22CEBFBC300924CA4 /* Release */,
			);
			defaultConfigurationIsVisible = 0;
			defaultConfigurationName = Release;
		};
/* End XCConfigurationList section */

/* Begin XCRemoteSwiftPackageReference section */
		C40635E42CF01F2D00DB1BC9 /* XCRemoteSwiftPackageReference "swiftui-cached-async-image" */ = {
			isa = XCRemoteSwiftPackageReference;
			repositoryURL = "https://github.com/lorenzofiamingo/swiftui-cached-async-image.git";
			requirement = {
				kind = upToNextMajorVersion;
				minimumVersion = 2.1.1;
			};
		};
/* End XCRemoteSwiftPackageReference section */

/* Begin XCSwiftPackageProductDependency section */
		C40635E52CF01F2D00DB1BC9 /* CachedAsyncImage */ = {
			isa = XCSwiftPackageProductDependency;
			package = C40635E42CF01F2D00DB1BC9 /* XCRemoteSwiftPackageReference "swiftui-cached-async-image" */;
			productName = CachedAsyncImage;
		};
/* End XCSwiftPackageProductDependency section */
	};
	rootObject = C4199EAE2CEBFBC000924CA4 /* Project object */;
}
